// !$*UTF8*$!
{
	archiveVersion = 1;
	classes = {
	};
	objectVersion = 56;
	objects = {

/* Begin PBXBuildFile section */
		1C50246C29F2BC5F00331D4B /* TabThumbnailView.swift in Sources */ = {isa = PBXBuildFile; fileRef = 1C50246B29F2BC5F00331D4B /* TabThumbnailView.swift */; };
		1C73BD1E29EE8903001B1CF8 /* Markz1_0App.swift in Sources */ = {isa = PBXBuildFile; fileRef = 1C73BD1D29EE8903001B1CF8 /* Markz1_0App.swift */; };
		1C73BD2029EE8903001B1CF8 /* MainView.swift in Sources */ = {isa = PBXBuildFile; fileRef = 1C73BD1F29EE8903001B1CF8 /* MainView.swift */; };
		1C73BD2229EE8905001B1CF8 /* Assets.xcassets in Resources */ = {isa = PBXBuildFile; fileRef = 1C73BD2129EE8905001B1CF8 /* Assets.xcassets */; };
		1C73BD2529EE8905001B1CF8 /* Preview Assets.xcassets in Resources */ = {isa = PBXBuildFile; fileRef = 1C73BD2429EE8905001B1CF8 /* Preview Assets.xcassets */; };
		1C73BD2F29EE8906001B1CF8 /* Markz1_0Tests.swift in Sources */ = {isa = PBXBuildFile; fileRef = 1C73BD2E29EE8906001B1CF8 /* Markz1_0Tests.swift */; };
		1C73BD3929EE8906001B1CF8 /* Markz1_0UITests.swift in Sources */ = {isa = PBXBuildFile; fileRef = 1C73BD3829EE8906001B1CF8 /* Markz1_0UITests.swift */; };
		1C73BD3B29EE8906001B1CF8 /* Markz1_0UITestsLaunchTests.swift in Sources */ = {isa = PBXBuildFile; fileRef = 1C73BD3A29EE8906001B1CF8 /* Markz1_0UITestsLaunchTests.swift */; };
		1C73BD4D29EE91DD001B1CF8 /* AddressBarView.swift in Sources */ = {isa = PBXBuildFile; fileRef = 1C73BD4C29EE91DD001B1CF8 /* AddressBarView.swift */; };
		1C73BD4F29EE91ED001B1CF8 /* ControlButtonsView.swift in Sources */ = {isa = PBXBuildFile; fileRef = 1C73BD4E29EE91ED001B1CF8 /* ControlButtonsView.swift */; };
		1C73BD5129EE9B0C001B1CF8 /* MainViewModel.swift in Sources */ = {isa = PBXBuildFile; fileRef = 1C73BD5029EE9B0C001B1CF8 /* MainViewModel.swift */; };
		1C73BD5329EE9C0E001B1CF8 /* WebViewWrapper.swift in Sources */ = {isa = PBXBuildFile; fileRef = 1C73BD5229EE9C0E001B1CF8 /* WebViewWrapper.swift */; };
		1C73BD5529EEED04001B1CF8 /* TabViewModel.swift in Sources */ = {isa = PBXBuildFile; fileRef = 1C73BD5429EEED04001B1CF8 /* TabViewModel.swift */; };
		1C73BD5729EEF14A001B1CF8 /* TabView.swift in Sources */ = {isa = PBXBuildFile; fileRef = 1C73BD5629EEF14A001B1CF8 /* TabView.swift */; };
/* End PBXBuildFile section */

/* Begin PBXContainerItemProxy section */
		1C73BD2B29EE8906001B1CF8 /* PBXContainerItemProxy */ = {
			isa = PBXContainerItemProxy;
			containerPortal = 1C73BD1229EE8903001B1CF8 /* Project object */;
			proxyType = 1;
			remoteGlobalIDString = 1C73BD1929EE8903001B1CF8;
			remoteInfo = Markz1.0;
		};
		1C73BD3529EE8906001B1CF8 /* PBXContainerItemProxy */ = {
			isa = PBXContainerItemProxy;
			containerPortal = 1C73BD1229EE8903001B1CF8 /* Project object */;
			proxyType = 1;
			remoteGlobalIDString = 1C73BD1929EE8903001B1CF8;
			remoteInfo = Markz1.0;
		};
/* End PBXContainerItemProxy section */

/* Begin PBXFileReference section */
		1C50246B29F2BC5F00331D4B /* TabThumbnailView.swift */ = {isa = PBXFileReference; lastKnownFileType = sourcecode.swift; path = TabThumbnailView.swift; sourceTree = "<group>"; };
		1C73BD1A29EE8903001B1CF8 /* Markz1.0.app */ = {isa = PBXFileReference; explicitFileType = wrapper.application; includeInIndex = 0; path = Markz1.0.app; sourceTree = BUILT_PRODUCTS_DIR; };
		1C73BD1D29EE8903001B1CF8 /* Markz1_0App.swift */ = {isa = PBXFileReference; lastKnownFileType = sourcecode.swift; path = Markz1_0App.swift; sourceTree = "<group>"; };
		1C73BD1F29EE8903001B1CF8 /* MainView.swift */ = {isa = PBXFileReference; lastKnownFileType = sourcecode.swift; path = MainView.swift; sourceTree = "<group>"; };
		1C73BD2129EE8905001B1CF8 /* Assets.xcassets */ = {isa = PBXFileReference; lastKnownFileType = folder.assetcatalog; path = Assets.xcassets; sourceTree = "<group>"; };
		1C73BD2429EE8905001B1CF8 /* Preview Assets.xcassets */ = {isa = PBXFileReference; lastKnownFileType = folder.assetcatalog; path = "Preview Assets.xcassets"; sourceTree = "<group>"; };
		1C73BD2A29EE8906001B1CF8 /* Markz1.0Tests.xctest */ = {isa = PBXFileReference; explicitFileType = wrapper.cfbundle; includeInIndex = 0; path = Markz1.0Tests.xctest; sourceTree = BUILT_PRODUCTS_DIR; };
		1C73BD2E29EE8906001B1CF8 /* Markz1_0Tests.swift */ = {isa = PBXFileReference; lastKnownFileType = sourcecode.swift; path = Markz1_0Tests.swift; sourceTree = "<group>"; };
		1C73BD3429EE8906001B1CF8 /* Markz1.0UITests.xctest */ = {isa = PBXFileReference; explicitFileType = wrapper.cfbundle; includeInIndex = 0; path = Markz1.0UITests.xctest; sourceTree = BUILT_PRODUCTS_DIR; };
		1C73BD3829EE8906001B1CF8 /* Markz1_0UITests.swift */ = {isa = PBXFileReference; lastKnownFileType = sourcecode.swift; path = Markz1_0UITests.swift; sourceTree = "<group>"; };
		1C73BD3A29EE8906001B1CF8 /* Markz1_0UITestsLaunchTests.swift */ = {isa = PBXFileReference; lastKnownFileType = sourcecode.swift; path = Markz1_0UITestsLaunchTests.swift; sourceTree = "<group>"; };
		1C73BD4C29EE91DD001B1CF8 /* AddressBarView.swift */ = {isa = PBXFileReference; lastKnownFileType = sourcecode.swift; path = AddressBarView.swift; sourceTree = "<group>"; };
		1C73BD4E29EE91ED001B1CF8 /* ControlButtonsView.swift */ = {isa = PBXFileReference; lastKnownFileType = sourcecode.swift; path = ControlButtonsView.swift; sourceTree = "<group>"; };
		1C73BD5029EE9B0C001B1CF8 /* MainViewModel.swift */ = {isa = PBXFileReference; lastKnownFileType = sourcecode.swift; path = MainViewModel.swift; sourceTree = "<group>"; };
		1C73BD5229EE9C0E001B1CF8 /* WebViewWrapper.swift */ = {isa = PBXFileReference; lastKnownFileType = sourcecode.swift; path = WebViewWrapper.swift; sourceTree = "<group>"; };
		1C73BD5429EEED04001B1CF8 /* TabViewModel.swift */ = {isa = PBXFileReference; lastKnownFileType = sourcecode.swift; path = TabViewModel.swift; sourceTree = "<group>"; };
		1C73BD5629EEF14A001B1CF8 /* TabView.swift */ = {isa = PBXFileReference; lastKnownFileType = sourcecode.swift; path = TabView.swift; sourceTree = "<group>"; };
/* End PBXFileReference section */

/* Begin PBXFrameworksBuildPhase section */
		1C73BD1729EE8903001B1CF8 /* Frameworks */ = {
			isa = PBXFrameworksBuildPhase;
			buildActionMask = 2147483647;
			files = (
			);
			runOnlyForDeploymentPostprocessing = 0;
		};
		1C73BD2729EE8906001B1CF8 /* Frameworks */ = {
			isa = PBXFrameworksBuildPhase;
			buildActionMask = 2147483647;
			files = (
			);
			runOnlyForDeploymentPostprocessing = 0;
		};
		1C73BD3129EE8906001B1CF8 /* Frameworks */ = {
			isa = PBXFrameworksBuildPhase;
			buildActionMask = 2147483647;
			files = (
			);
			runOnlyForDeploymentPostprocessing = 0;
		};
/* End PBXFrameworksBuildPhase section */

/* Begin PBXGroup section */
		1C73BD1129EE8903001B1CF8 = {
			isa = PBXGroup;
			children = (
				1C73BD1C29EE8903001B1CF8 /* Markz1.0 */,
				1C73BD2D29EE8906001B1CF8 /* Markz1.0Tests */,
				1C73BD3729EE8906001B1CF8 /* Markz1.0UITests */,
				1C73BD1B29EE8903001B1CF8 /* Products */,
			);
			sourceTree = "<group>";
		};
		1C73BD1B29EE8903001B1CF8 /* Products */ = {
			isa = PBXGroup;
			children = (
				1C73BD1A29EE8903001B1CF8 /* Markz1.0.app */,
				1C73BD2A29EE8906001B1CF8 /* Markz1.0Tests.xctest */,
				1C73BD3429EE8906001B1CF8 /* Markz1.0UITests.xctest */,
			);
			name = Products;
			sourceTree = "<group>";
		};
		1C73BD1C29EE8903001B1CF8 /* Markz1.0 */ = {
			isa = PBXGroup;
			children = (
				1C73BD1D29EE8903001B1CF8 /* Markz1_0App.swift */,
				1C73BD4729EE8ED6001B1CF8 /* Views */,
				1C73BD4829EE8EEE001B1CF8 /* ViewModels */,
				1C73BD4929EE8EFE001B1CF8 /* Models */,
				1C73BD4A29EE8F07001B1CF8 /* Managers */,
				1C73BD4B29EE8F12001B1CF8 /* Helpers */,
				1C73BD2129EE8905001B1CF8 /* Assets.xcassets */,
				1C73BD2329EE8905001B1CF8 /* Preview Content */,
			);
			path = Markz1.0;
			sourceTree = "<group>";
		};
		1C73BD2329EE8905001B1CF8 /* Preview Content */ = {
			isa = PBXGroup;
			children = (
				1C73BD2429EE8905001B1CF8 /* Preview Assets.xcassets */,
			);
			path = "Preview Content";
			sourceTree = "<group>";
		};
		1C73BD2D29EE8906001B1CF8 /* Markz1.0Tests */ = {
			isa = PBXGroup;
			children = (
				1C73BD2E29EE8906001B1CF8 /* Markz1_0Tests.swift */,
			);
			path = Markz1.0Tests;
			sourceTree = "<group>";
		};
		1C73BD3729EE8906001B1CF8 /* Markz1.0UITests */ = {
			isa = PBXGroup;
			children = (
				1C73BD3829EE8906001B1CF8 /* Markz1_0UITests.swift */,
				1C73BD3A29EE8906001B1CF8 /* Markz1_0UITestsLaunchTests.swift */,
			);
			path = Markz1.0UITests;
			sourceTree = "<group>";
		};
		1C73BD4729EE8ED6001B1CF8 /* Views */ = {
			isa = PBXGroup;
			children = (
				1C73BD1F29EE8903001B1CF8 /* MainView.swift */,
				1C73BD4C29EE91DD001B1CF8 /* AddressBarView.swift */,
				1C73BD4E29EE91ED001B1CF8 /* ControlButtonsView.swift */,
				1C73BD5229EE9C0E001B1CF8 /* WebViewWrapper.swift */,
				1C73BD5629EEF14A001B1CF8 /* TabView.swift */,
				1C50246B29F2BC5F00331D4B /* TabThumbnailView.swift */,
			);
			path = Views;
			sourceTree = "<group>";
		};
		1C73BD4829EE8EEE001B1CF8 /* ViewModels */ = {
			isa = PBXGroup;
			children = (
				1C73BD5029EE9B0C001B1CF8 /* MainViewModel.swift */,
				1C73BD5429EEED04001B1CF8 /* TabViewModel.swift */,
			);
			path = ViewModels;
			sourceTree = "<group>";
		};
		1C73BD4929EE8EFE001B1CF8 /* Models */ = {
			isa = PBXGroup;
			children = (
			);
			path = Models;
			sourceTree = "<group>";
		};
		1C73BD4A29EE8F07001B1CF8 /* Managers */ = {
			isa = PBXGroup;
			children = (
			);
			path = Managers;
			sourceTree = "<group>";
		};
		1C73BD4B29EE8F12001B1CF8 /* Helpers */ = {
			isa = PBXGroup;
			children = (
			);
			path = Helpers;
			sourceTree = "<group>";
		};
/* End PBXGroup section */

/* Begin PBXNativeTarget section */
		1C73BD1929EE8903001B1CF8 /* Markz1.0 */ = {
			isa = PBXNativeTarget;
			buildConfigurationList = 1C73BD3E29EE8906001B1CF8 /* Build configuration list for PBXNativeTarget "Markz1.0" */;
			buildPhases = (
				1C73BD1629EE8903001B1CF8 /* Sources */,
				1C73BD1729EE8903001B1CF8 /* Frameworks */,
				1C73BD1829EE8903001B1CF8 /* Resources */,
			);
			buildRules = (
			);
			dependencies = (
			);
			name = Markz1.0;
			productName = Markz1.0;
			productReference = 1C73BD1A29EE8903001B1CF8 /* Markz1.0.app */;
			productType = "com.apple.product-type.application";
		};
		1C73BD2929EE8906001B1CF8 /* Markz1.0Tests */ = {
			isa = PBXNativeTarget;
			buildConfigurationList = 1C73BD4129EE8906001B1CF8 /* Build configuration list for PBXNativeTarget "Markz1.0Tests" */;
			buildPhases = (
				1C73BD2629EE8906001B1CF8 /* Sources */,
				1C73BD2729EE8906001B1CF8 /* Frameworks */,
				1C73BD2829EE8906001B1CF8 /* Resources */,
			);
			buildRules = (
			);
			dependencies = (
				1C73BD2C29EE8906001B1CF8 /* PBXTargetDependency */,
			);
			name = Markz1.0Tests;
			productName = Markz1.0Tests;
			productReference = 1C73BD2A29EE8906001B1CF8 /* Markz1.0Tests.xctest */;
			productType = "com.apple.product-type.bundle.unit-test";
		};
		1C73BD3329EE8906001B1CF8 /* Markz1.0UITests */ = {
			isa = PBXNativeTarget;
			buildConfigurationList = 1C73BD4429EE8906001B1CF8 /* Build configuration list for PBXNativeTarget "Markz1.0UITests" */;
			buildPhases = (
				1C73BD3029EE8906001B1CF8 /* Sources */,
				1C73BD3129EE8906001B1CF8 /* Frameworks */,
				1C73BD3229EE8906001B1CF8 /* Resources */,
			);
			buildRules = (
			);
			dependencies = (
				1C73BD3629EE8906001B1CF8 /* PBXTargetDependency */,
			);
			name = Markz1.0UITests;
			productName = Markz1.0UITests;
			productReference = 1C73BD3429EE8906001B1CF8 /* Markz1.0UITests.xctest */;
			productType = "com.apple.product-type.bundle.ui-testing";
		};
/* End PBXNativeTarget section */

/* Begin PBXProject section */
		1C73BD1229EE8903001B1CF8 /* Project object */ = {
			isa = PBXProject;
			attributes = {
				BuildIndependentTargetsInParallel = 1;
				LastSwiftUpdateCheck = 1430;
				LastUpgradeCheck = 1430;
				TargetAttributes = {
					1C73BD1929EE8903001B1CF8 = {
						CreatedOnToolsVersion = 14.3;
					};
					1C73BD2929EE8906001B1CF8 = {
						CreatedOnToolsVersion = 14.3;
						TestTargetID = 1C73BD1929EE8903001B1CF8;
					};
					1C73BD3329EE8906001B1CF8 = {
						CreatedOnToolsVersion = 14.3;
						TestTargetID = 1C73BD1929EE8903001B1CF8;
					};
				};
			};
			buildConfigurationList = 1C73BD1529EE8903001B1CF8 /* Build configuration list for PBXProject "Markz1.0" */;
			compatibilityVersion = "Xcode 14.0";
			developmentRegion = en;
			hasScannedForEncodings = 0;
			knownRegions = (
				en,
				Base,
			);
			mainGroup = 1C73BD1129EE8903001B1CF8;
			productRefGroup = 1C73BD1B29EE8903001B1CF8 /* Products */;
			projectDirPath = "";
			projectRoot = "";
			targets = (
				1C73BD1929EE8903001B1CF8 /* Markz1.0 */,
				1C73BD2929EE8906001B1CF8 /* Markz1.0Tests */,
				1C73BD3329EE8906001B1CF8 /* Markz1.0UITests */,
			);
		};
/* End PBXProject section */

/* Begin PBXResourcesBuildPhase section */
		1C73BD1829EE8903001B1CF8 /* Resources */ = {
			isa = PBXResourcesBuildPhase;
			buildActionMask = 2147483647;
			files = (
				1C73BD2529EE8905001B1CF8 /* Preview Assets.xcassets in Resources */,
				1C73BD2229EE8905001B1CF8 /* Assets.xcassets in Resources */,
			);
			runOnlyForDeploymentPostprocessing = 0;
		};
		1C73BD2829EE8906001B1CF8 /* Resources */ = {
			isa = PBXResourcesBuildPhase;
			buildActionMask = 2147483647;
			files = (
			);
			runOnlyForDeploymentPostprocessing = 0;
		};
		1C73BD3229EE8906001B1CF8 /* Resources */ = {
			isa = PBXResourcesBuildPhase;
			buildActionMask = 2147483647;
			files = (
			);
			runOnlyForDeploymentPostprocessing = 0;
		};
/* End PBXResourcesBuildPhase section */

/* Begin PBXSourcesBuildPhase section */
		1C73BD1629EE8903001B1CF8 /* Sources */ = {
			isa = PBXSourcesBuildPhase;
			buildActionMask = 2147483647;
			files = (
				1C73BD5129EE9B0C001B1CF8 /* MainViewModel.swift in Sources */,
				1C73BD4D29EE91DD001B1CF8 /* AddressBarView.swift in Sources */,
				1C73BD5729EEF14A001B1CF8 /* TabView.swift in Sources */,
				1C73BD2029EE8903001B1CF8 /* MainView.swift in Sources */,
				1C73BD4F29EE91ED001B1CF8 /* ControlButtonsView.swift in Sources */,
				1C73BD1E29EE8903001B1CF8 /* Markz1_0App.swift in Sources */,
				1C73BD5529EEED04001B1CF8 /* TabViewModel.swift in Sources */,
				1C50246C29F2BC5F00331D4B /* TabThumbnailView.swift in Sources */,
				1C73BD5329EE9C0E001B1CF8 /* WebViewWrapper.swift in Sources */,
			);
			runOnlyForDeploymentPostprocessing = 0;
		};
		1C73BD2629EE8906001B1CF8 /* Sources */ = {
			isa = PBXSourcesBuildPhase;
			buildActionMask = 2147483647;
			files = (
				1C73BD2F29EE8906001B1CF8 /* Markz1_0Tests.swift in Sources */,
			);
			runOnlyForDeploymentPostprocessing = 0;
		};
		1C73BD3029EE8906001B1CF8 /* Sources */ = {
			isa = PBXSourcesBuildPhase;
			buildActionMask = 2147483647;
			files = (
				1C73BD3B29EE8906001B1CF8 /* Markz1_0UITestsLaunchTests.swift in Sources */,
				1C73BD3929EE8906001B1CF8 /* Markz1_0UITests.swift in Sources */,
			);
			runOnlyForDeploymentPostprocessing = 0;
		};
/* End PBXSourcesBuildPhase section */

/* Begin PBXTargetDependency section */
		1C73BD2C29EE8906001B1CF8 /* PBXTargetDependency */ = {
			isa = PBXTargetDependency;
			target = 1C73BD1929EE8903001B1CF8 /* Markz1.0 */;
			targetProxy = 1C73BD2B29EE8906001B1CF8 /* PBXContainerItemProxy */;
		};
		1C73BD3629EE8906001B1CF8 /* PBXTargetDependency */ = {
			isa = PBXTargetDependency;
			target = 1C73BD1929EE8903001B1CF8 /* Markz1.0 */;
			targetProxy = 1C73BD3529EE8906001B1CF8 /* PBXContainerItemProxy */;
		};
/* End PBXTargetDependency section */

/* Begin XCBuildConfiguration section */
		1C73BD3C29EE8906001B1CF8 /* Debug */ = {
			isa = XCBuildConfiguration;
			buildSettings = {
				ALWAYS_SEARCH_USER_PATHS = NO;
				CLANG_ANALYZER_NONNULL = YES;
				CLANG_ANALYZER_NUMBER_OBJECT_CONVERSION = YES_AGGRESSIVE;
				CLANG_CXX_LANGUAGE_STANDARD = "gnu++20";
				CLANG_ENABLE_MODULES = YES;
				CLANG_ENABLE_OBJC_ARC = YES;
				CLANG_ENABLE_OBJC_WEAK = YES;
				CLANG_WARN_BLOCK_CAPTURE_AUTORELEASING = YES;
				CLANG_WARN_BOOL_CONVERSION = YES;
				CLANG_WARN_COMMA = YES;
				CLANG_WARN_CONSTANT_CONVERSION = YES;
				CLANG_WARN_DEPRECATED_OBJC_IMPLEMENTATIONS = YES;
				CLANG_WARN_DIRECT_OBJC_ISA_USAGE = YES_ERROR;
				CLANG_WARN_DOCUMENTATION_COMMENTS = YES;
				CLANG_WARN_EMPTY_BODY = YES;
				CLANG_WARN_ENUM_CONVERSION = YES;
				CLANG_WARN_INFINITE_RECURSION = YES;
				CLANG_WARN_INT_CONVERSION = YES;
				CLANG_WARN_NON_LITERAL_NULL_CONVERSION = YES;
				CLANG_WARN_OBJC_IMPLICIT_RETAIN_SELF = YES;
				CLANG_WARN_OBJC_LITERAL_CONVERSION = YES;
				CLANG_WARN_OBJC_ROOT_CLASS = YES_ERROR;
				CLANG_WARN_QUOTED_INCLUDE_IN_FRAMEWORK_HEADER = YES;
				CLANG_WARN_RANGE_LOOP_ANALYSIS = YES;
				CLANG_WARN_STRICT_PROTOTYPES = YES;
				CLANG_WARN_SUSPICIOUS_MOVE = YES;
				CLANG_WARN_UNGUARDED_AVAILABILITY = YES_AGGRESSIVE;
				CLANG_WARN_UNREACHABLE_CODE = YES;
				CLANG_WARN__DUPLICATE_METHOD_MATCH = YES;
				COPY_PHASE_STRIP = NO;
				DEBUG_INFORMATION_FORMAT = dwarf;
				ENABLE_STRICT_OBJC_MSGSEND = YES;
				ENABLE_TESTABILITY = YES;
				GCC_C_LANGUAGE_STANDARD = gnu11;
				GCC_DYNAMIC_NO_PIC = NO;
				GCC_NO_COMMON_BLOCKS = YES;
				GCC_OPTIMIZATION_LEVEL = 0;
				GCC_PREPROCESSOR_DEFINITIONS = (
					"DEBUG=1",
					"$(inherited)",
				);
				GCC_WARN_64_TO_32_BIT_CONVERSION = YES;
				GCC_WARN_ABOUT_RETURN_TYPE = YES_ERROR;
				GCC_WARN_UNDECLARED_SELECTOR = YES;
				GCC_WARN_UNINITIALIZED_AUTOS = YES_AGGRESSIVE;
				GCC_WARN_UNUSED_FUNCTION = YES;
				GCC_WARN_UNUSED_VARIABLE = YES;
				IPHONEOS_DEPLOYMENT_TARGET = 16.4;
				MTL_ENABLE_DEBUG_INFO = INCLUDE_SOURCE;
				MTL_FAST_MATH = YES;
				ONLY_ACTIVE_ARCH = YES;
				SDKROOT = iphoneos;
				SWIFT_ACTIVE_COMPILATION_CONDITIONS = DEBUG;
				SWIFT_OPTIMIZATION_LEVEL = "-Onone";
			};
			name = Debug;
		};
		1C73BD3D29EE8906001B1CF8 /* Release */ = {
			isa = XCBuildConfiguration;
			buildSettings = {
				ALWAYS_SEARCH_USER_PATHS = NO;
				CLANG_ANALYZER_NONNULL = YES;
				CLANG_ANALYZER_NUMBER_OBJECT_CONVERSION = YES_AGGRESSIVE;
				CLANG_CXX_LANGUAGE_STANDARD = "gnu++20";
				CLANG_ENABLE_MODULES = YES;
				CLANG_ENABLE_OBJC_ARC = YES;
				CLANG_ENABLE_OBJC_WEAK = YES;
				CLANG_WARN_BLOCK_CAPTURE_AUTORELEASING = YES;
				CLANG_WARN_BOOL_CONVERSION = YES;
				CLANG_WARN_COMMA = YES;
				CLANG_WARN_CONSTANT_CONVERSION = YES;
				CLANG_WARN_DEPRECATED_OBJC_IMPLEMENTATIONS = YES;
				CLANG_WARN_DIRECT_OBJC_ISA_USAGE = YES_ERROR;
				CLANG_WARN_DOCUMENTATION_COMMENTS = YES;
				CLANG_WARN_EMPTY_BODY = YES;
				CLANG_WARN_ENUM_CONVERSION = YES;
				CLANG_WARN_INFINITE_RECURSION = YES;
				CLANG_WARN_INT_CONVERSION = YES;
				CLANG_WARN_NON_LITERAL_NULL_CONVERSION = YES;
				CLANG_WARN_OBJC_IMPLICIT_RETAIN_SELF = YES;
				CLANG_WARN_OBJC_LITERAL_CONVERSION = YES;
				CLANG_WARN_OBJC_ROOT_CLASS = YES_ERROR;
				CLANG_WARN_QUOTED_INCLUDE_IN_FRAMEWORK_HEADER = YES;
				CLANG_WARN_RANGE_LOOP_ANALYSIS = YES;
				CLANG_WARN_STRICT_PROTOTYPES = YES;
				CLANG_WARN_SUSPICIOUS_MOVE = YES;
				CLANG_WARN_UNGUARDED_AVAILABILITY = YES_AGGRESSIVE;
				CLANG_WARN_UNREACHABLE_CODE = YES;
				CLANG_WARN__DUPLICATE_METHOD_MATCH = YES;
				COPY_PHASE_STRIP = NO;
				DEBUG_INFORMATION_FORMAT = "dwarf-with-dsym";
				ENABLE_NS_ASSERTIONS = NO;
				ENABLE_STRICT_OBJC_MSGSEND = YES;
				GCC_C_LANGUAGE_STANDARD = gnu11;
				GCC_NO_COMMON_BLOCKS = YES;
				GCC_WARN_64_TO_32_BIT_CONVERSION = YES;
				GCC_WARN_ABOUT_RETURN_TYPE = YES_ERROR;
				GCC_WARN_UNDECLARED_SELECTOR = YES;
				GCC_WARN_UNINITIALIZED_AUTOS = YES_AGGRESSIVE;
				GCC_WARN_UNUSED_FUNCTION = YES;
				GCC_WARN_UNUSED_VARIABLE = YES;
				IPHONEOS_DEPLOYMENT_TARGET = 16.4;
				MTL_ENABLE_DEBUG_INFO = NO;
				MTL_FAST_MATH = YES;
				SDKROOT = iphoneos;
				SWIFT_COMPILATION_MODE = wholemodule;
				SWIFT_OPTIMIZATION_LEVEL = "-O";
				VALIDATE_PRODUCT = YES;
			};
			name = Release;
		};
		1C73BD3F29EE8906001B1CF8 /* Debug */ = {
			isa = XCBuildConfiguration;
			buildSettings = {
				ASSETCATALOG_COMPILER_APPICON_NAME = AppIcon;
				ASSETCATALOG_COMPILER_GLOBAL_ACCENT_COLOR_NAME = AccentColor;
				CODE_SIGN_STYLE = Automatic;
				CURRENT_PROJECT_VERSION = 1;
				DEVELOPMENT_ASSET_PATHS = "\"Markz1.0/Preview Content\"";
				DEVELOPMENT_TEAM = THQKY64QJL;
				ENABLE_PREVIEWS = YES;
				GENERATE_INFOPLIST_FILE = YES;
				INFOPLIST_KEY_UIApplicationSceneManifest_Generation = YES;
				INFOPLIST_KEY_UIApplicationSupportsIndirectInputEvents = YES;
				INFOPLIST_KEY_UILaunchScreen_Generation = YES;
				INFOPLIST_KEY_UISupportedInterfaceOrientations_iPad = "UIInterfaceOrientationPortrait UIInterfaceOrientationPortraitUpsideDown UIInterfaceOrientationLandscapeLeft UIInterfaceOrientationLandscapeRight";
				INFOPLIST_KEY_UISupportedInterfaceOrientations_iPhone = "UIInterfaceOrientationPortrait UIInterfaceOrientationLandscapeLeft UIInterfaceOrientationLandscapeRight";
				LD_RUNPATH_SEARCH_PATHS = (
					"$(inherited)",
					"@executable_path/Frameworks",
				);
				MARKETING_VERSION = 1.0;
				PRODUCT_BUNDLE_IDENTIFIER = "test.Markz1-0";
				PRODUCT_NAME = "$(TARGET_NAME)";
				SWIFT_EMIT_LOC_STRINGS = YES;
				SWIFT_VERSION = 5.0;
				TARGETED_DEVICE_FAMILY = "1,2";
			};
			name = Debug;
		};
		1C73BD4029EE8906001B1CF8 /* Release */ = {
			isa = XCBuildConfiguration;
			buildSettings = {
				ASSETCATALOG_COMPILER_APPICON_NAME = AppIcon;
				ASSETCATALOG_COMPILER_GLOBAL_ACCENT_COLOR_NAME = AccentColor;
				CODE_SIGN_STYLE = Automatic;
				CURRENT_PROJECT_VERSION = 1;
				DEVELOPMENT_ASSET_PATHS = "\"Markz1.0/Preview Content\"";
				DEVELOPMENT_TEAM = THQKY64QJL;
				ENABLE_PREVIEWS = YES;
				GENERATE_INFOPLIST_FILE = YES;
				INFOPLIST_KEY_UIApplicationSceneManifest_Generation = YES;
				INFOPLIST_KEY_UIApplicationSupportsIndirectInputEvents = YES;
				INFOPLIST_KEY_UILaunchScreen_Generation = YES;
				INFOPLIST_KEY_UISupportedInterfaceOrientations_iPad = "UIInterfaceOrientationPortrait UIInterfaceOrientationPortraitUpsideDown UIInterfaceOrientationLandscapeLeft UIInterfaceOrientationLandscapeRight";
				INFOPLIST_KEY_UISupportedInterfaceOrientations_iPhone = "UIInterfaceOrientationPortrait UIInterfaceOrientationLandscapeLeft UIInterfaceOrientationLandscapeRight";
				LD_RUNPATH_SEARCH_PATHS = (
					"$(inherited)",
					"@executable_path/Frameworks",
				);
				MARKETING_VERSION = 1.0;
				PRODUCT_BUNDLE_IDENTIFIER = "test.Markz1-0";
				PRODUCT_NAME = "$(TARGET_NAME)";
				SWIFT_EMIT_LOC_STRINGS = YES;
				SWIFT_VERSION = 5.0;
				TARGETED_DEVICE_FAMILY = "1,2";
			};
			name = Release;
		};
		1C73BD4229EE8906001B1CF8 /* Debug */ = {
			isa = XCBuildConfiguration;
			buildSettings = {
				ALWAYS_EMBED_SWIFT_STANDARD_LIBRARIES = YES;
				BUNDLE_LOADER = "$(TEST_HOST)";
				CODE_SIGN_STYLE = Automatic;
				CURRENT_PROJECT_VERSION = 1;
				DEVELOPMENT_TEAM = THQKY64QJL;
				GENERATE_INFOPLIST_FILE = YES;
				IPHONEOS_DEPLOYMENT_TARGET = 16.4;
				MARKETING_VERSION = 1.0;
				PRODUCT_BUNDLE_IDENTIFIER = "test.Markz1-0Tests";
				PRODUCT_NAME = "$(TARGET_NAME)";
				SWIFT_EMIT_LOC_STRINGS = NO;
				SWIFT_VERSION = 5.0;
				TARGETED_DEVICE_FAMILY = "1,2";
				TEST_HOST = "$(BUILT_PRODUCTS_DIR)/Markz1.0.app/$(BUNDLE_EXECUTABLE_FOLDER_PATH)/Markz1.0";
			};
			name = Debug;
		};
		1C73BD4329EE8906001B1CF8 /* Release */ = {
			isa = XCBuildConfiguration;
			buildSettings = {
				ALWAYS_EMBED_SWIFT_STANDARD_LIBRARIES = YES;
				BUNDLE_LOADER = "$(TEST_HOST)";
				CODE_SIGN_STYLE = Automatic;
				CURRENT_PROJECT_VERSION = 1;
				DEVELOPMENT_TEAM = THQKY64QJL;
				GENERATE_INFOPLIST_FILE = YES;
				IPHONEOS_DEPLOYMENT_TARGET = 16.4;
				MARKETING_VERSION = 1.0;
				PRODUCT_BUNDLE_IDENTIFIER = "test.Markz1-0Tests";
				PRODUCT_NAME = "$(TARGET_NAME)";
				SWIFT_EMIT_LOC_STRINGS = NO;
				SWIFT_VERSION = 5.0;
				TARGETED_DEVICE_FAMILY = "1,2";
				TEST_HOST = "$(BUILT_PRODUCTS_DIR)/Markz1.0.app/$(BUNDLE_EXECUTABLE_FOLDER_PATH)/Markz1.0";
			};
			name = Release;
		};
		1C73BD4529EE8906001B1CF8 /* Debug */ = {
			isa = XCBuildConfiguration;
			buildSettings = {
				ALWAYS_EMBED_SWIFT_STANDARD_LIBRARIES = YES;
				CODE_SIGN_STYLE = Automatic;
				CURRENT_PROJECT_VERSION = 1;
				DEVELOPMENT_TEAM = THQKY64QJL;
				GENERATE_INFOPLIST_FILE = YES;
				MARKETING_VERSION = 1.0;
				PRODUCT_BUNDLE_IDENTIFIER = "test.Markz1-0UITests";
				PRODUCT_NAME = "$(TARGET_NAME)";
				SWIFT_EMIT_LOC_STRINGS = NO;
				SWIFT_VERSION = 5.0;
				TARGETED_DEVICE_FAMILY = "1,2";
				TEST_TARGET_NAME = Markz1.0;
			};
			name = Debug;
		};
		1C73BD4629EE8906001B1CF8 /* Release */ = {
			isa = XCBuildConfiguration;
			buildSettings = {
				ALWAYS_EMBED_SWIFT_STANDARD_LIBRARIES = YES;
				CODE_SIGN_STYLE = Automatic;
				CURRENT_PROJECT_VERSION = 1;
				DEVELOPMENT_TEAM = THQKY64QJL;
				GENERATE_INFOPLIST_FILE = YES;
				MARKETING_VERSION = 1.0;
				PRODUCT_BUNDLE_IDENTIFIER = "test.Markz1-0UITests";
				PRODUCT_NAME = "$(TARGET_NAME)";
				SWIFT_EMIT_LOC_STRINGS = NO;
				SWIFT_VERSION = 5.0;
				TARGETED_DEVICE_FAMILY = "1,2";
				TEST_TARGET_NAME = Markz1.0;
			};
			name = Release;
		};
/* End XCBuildConfiguration section */

/* Begin XCConfigurationList section */
		1C73BD1529EE8903001B1CF8 /* Build configuration list for PBXProject "Markz1.0" */ = {
			isa = XCConfigurationList;
			buildConfigurations = (
				1C73BD3C29EE8906001B1CF8 /* Debug */,
				1C73BD3D29EE8906001B1CF8 /* Release */,
			);
			defaultConfigurationIsVisible = 0;
			defaultConfigurationName = Release;
		};
		1C73BD3E29EE8906001B1CF8 /* Build configuration list for PBXNativeTarget "Markz1.0" */ = {
			isa = XCConfigurationList;
			buildConfigurations = (
				1C73BD3F29EE8906001B1CF8 /* Debug */,
				1C73BD4029EE8906001B1CF8 /* Release */,
			);
			defaultConfigurationIsVisible = 0;
			defaultConfigurationName = Release;
		};
		1C73BD4129EE8906001B1CF8 /* Build configuration list for PBXNativeTarget "Markz1.0Tests" */ = {
			isa = XCConfigurationList;
			buildConfigurations = (
				1C73BD4229EE8906001B1CF8 /* Debug */,
				1C73BD4329EE8906001B1CF8 /* Release */,
			);
			defaultConfigurationIsVisible = 0;
			defaultConfigurationName = Release;
		};
		1C73BD4429EE8906001B1CF8 /* Build configuration list for PBXNativeTarget "Markz1.0UITests" */ = {
			isa = XCConfigurationList;
			buildConfigurations = (
				1C73BD4529EE8906001B1CF8 /* Debug */,
				1C73BD4629EE8906001B1CF8 /* Release */,
			);
			defaultConfigurationIsVisible = 0;
			defaultConfigurationName = Release;
		};
/* End XCConfigurationList section */
	};
	rootObject = 1C73BD1229EE8903001B1CF8 /* Project object */;
}
